
Microsoft Visual Studio Solution File, Format Version 12.00
# Visual Studio Version 17
VisualStudioVersion = 17.9.34616.47
MinimumVisualStudioVersion = 10.0.40219.1
Project("{001909B8-CC94-4725-BA4F-C26F3E5AD1D3}") = "keyauth Bypass", "keyauth Bypass.vcxproj", "{8186C51B-0D16-429E-A2F6-E758E2CD1EB9}"
EndProject
Global
	GlobalSection(SolutionConfigurationPlatforms) = preSolution
		Debug|x64 = Debug|x64
		Debug|x86 = Debug|x86
		Release|x64 = Release|x64
		Release|x86 = Release|x86
	EndGlobalSection
	GlobalSection(ProjectConfigurationPlatforms) = postSolution
		{8186C51B-0D16-429E-A2F6-E758E2CD1EB9}.Debug|x64.ActiveCfg = Debug|x64
		{8186C51B-0D16-429E-A2F6-E758E2CD1EB9}.Debug|x64.Build.0 = Debug|x64
		{8186C51B-0D16-429E-A2F6-E758E2CD1EB9}.Debug|x86.ActiveCfg = Debug|Win32
		{8186C51B-0D16-429E-A2F6-E758E2CD1EB9}.Debug|x86.Build.0 = Debug|Win32
		{8186C51B-0D16-429E-A2F6-E758E2CD1EB9}.Release|x64.ActiveCfg = Release|x64
		{8186C51B-0D16-429E-A2F6-E758E2CD1EB9}.Release|x64.Build.0 = Release|x64
		{8186C51B-0D16-429E-A2F6-E758E2CD1EB9}.Release|x86.ActiveCfg = Release|Win32
		{8186C51B-0D16-429E-A2F6-E758E2CD1EB9}.Release|x86.Build.0 = Release|Win32
	EndGlobalSection
	GlobalSection(SolutionProperties) = preSolution
		HideSolutionNode = FALSE
	EndGlobalSection
	GlobalSection(ExtensibilityGlobals) = postSolution
		SolutionGuid = {E644133C-8A2B-49DB-A597-90193373329C}
	EndGlobalSection
EndGlobal
